// !$*UTF8*$!
{
	archiveVersion = 1;
	classes = {
	};
	objectVersion = 56;
	objects = {

/* Begin PBXBuildFile section */
		1B9CDFEF2C3B978700B31385 /* app_dedsec_clApp.swift in Sources */ = {isa = PBXBuildFile; fileRef = 1B9CDFEE2C3B978700B31385 /* app_dedsec_clApp.swift */; };
		1B9CDFF12C3B978700B31385 /* ContentView.swift in Sources */ = {isa = PBXBuildFile; fileRef = 1B9CDFF02C3B978700B31385 /* ContentView.swift */; };
		1B9CDFF32C3B978800B31385 /* Assets.xcassets in Resources */ = {isa = PBXBuildFile; fileRef = 1B9CDFF22C3B978800B31385 /* Assets.xcassets */; };
		1B9CDFF62C3B978800B31385 /* Preview Assets.xcassets in Resources */ = {isa = PBXBuildFile; fileRef = 1B9CDFF52C3B978800B31385 /* Preview Assets.xcassets */; };
		1B9CE0002C3B978800B31385 /* app_dedsec_clTests.swift in Sources */ = {isa = PBXBuildFile; fileRef = 1B9CDFFF2C3B978800B31385 /* app_dedsec_clTests.swift */; };
		1B9CE00A2C3B978800B31385 /* app_dedsec_clUITests.swift in Sources */ = {isa = PBXBuildFile; fileRef = 1B9CE0092C3B978800B31385 /* app_dedsec_clUITests.swift */; };
		1B9CE00C2C3B978800B31385 /* app_dedsec_clUITestsLaunchTests.swift in Sources */ = {isa = PBXBuildFile; fileRef = 1B9CE00B2C3B978800B31385 /* app_dedsec_clUITestsLaunchTests.swift */; };
		1B9CE0192C3BAD7A00B31385 /* DedsecIngress.swift in Sources */ = {isa = PBXBuildFile; fileRef = 1B9CE0182C3BAD7A00B31385 /* DedsecIngress.swift */; };
/* End PBXBuildFile section */

/* Begin PBXContainerItemProxy section */
		1B9CDFFC2C3B978800B31385 /* PBXContainerItemProxy */ = {
			isa = PBXContainerItemProxy;
			containerPortal = 1B9CDFE32C3B978700B31385 /* Project object */;
			proxyType = 1;
			remoteGlobalIDString = 1B9CDFEA2C3B978700B31385;
			remoteInfo = app_dedsec_cl;
		};
		1B9CE0062C3B978800B31385 /* PBXContainerItemProxy */ = {
			isa = PBXContainerItemProxy;
			containerPortal = 1B9CDFE32C3B978700B31385 /* Project object */;
			proxyType = 1;
			remoteGlobalIDString = 1B9CDFEA2C3B978700B31385;
			remoteInfo = app_dedsec_cl;
		};
/* End PBXContainerItemProxy section */

/* Begin PBXFileReference section */
		1B9CDFEB2C3B978700B31385 /* app.dedsec.cl.app */ = {isa = PBXFileReference; explicitFileType = wrapper.application; includeInIndex = 0; path = app.dedsec.cl.app; sourceTree = BUILT_PRODUCTS_DIR; };
		1B9CDFEE2C3B978700B31385 /* app_dedsec_clApp.swift */ = {isa = PBXFileReference; lastKnownFileType = sourcecode.swift; path = app_dedsec_clApp.swift; sourceTree = "<group>"; };
		1B9CDFF02C3B978700B31385 /* ContentView.swift */ = {isa = PBXFileReference; lastKnownFileType = sourcecode.swift; path = ContentView.swift; sourceTree = "<group>"; };
		1B9CDFF22C3B978800B31385 /* Assets.xcassets */ = {isa = PBXFileReference; lastKnownFileType = folder.assetcatalog; path = Assets.xcassets; sourceTree = "<group>"; };
		1B9CDFF52C3B978800B31385 /* Preview Assets.xcassets */ = {isa = PBXFileReference; lastKnownFileType = folder.assetcatalog; path = "Preview Assets.xcassets"; sourceTree = "<group>"; };
		1B9CDFFB2C3B978800B31385 /* app.dedsec.clTests.xctest */ = {isa = PBXFileReference; explicitFileType = wrapper.cfbundle; includeInIndex = 0; path = app.dedsec.clTests.xctest; sourceTree = BUILT_PRODUCTS_DIR; };
		1B9CDFFF2C3B978800B31385 /* app_dedsec_clTests.swift */ = {isa = PBXFileReference; lastKnownFileType = sourcecode.swift; path = app_dedsec_clTests.swift; sourceTree = "<group>"; };
		1B9CE0052C3B978800B31385 /* app.dedsec.clUITests.xctest */ = {isa = PBXFileReference; explicitFileType = wrapper.cfbundle; includeInIndex = 0; path = app.dedsec.clUITests.xctest; sourceTree = BUILT_PRODUCTS_DIR; };
		1B9CE0092C3B978800B31385 /* app_dedsec_clUITests.swift */ = {isa = PBXFileReference; lastKnownFileType = sourcecode.swift; path = app_dedsec_clUITests.swift; sourceTree = "<group>"; };
		1B9CE00B2C3B978800B31385 /* app_dedsec_clUITestsLaunchTests.swift */ = {isa = PBXFileReference; lastKnownFileType = sourcecode.swift; path = app_dedsec_clUITestsLaunchTests.swift; sourceTree = "<group>"; };
		1B9CE0182C3BAD7A00B31385 /* DedsecIngress.swift */ = {isa = PBXFileReference; lastKnownFileType = sourcecode.swift; path = DedsecIngress.swift; sourceTree = "<group>"; };
/* End PBXFileReference section */

/* Begin PBXFrameworksBuildPhase section */
		1B9CDFE82C3B978700B31385 /* Frameworks */ = {
			isa = PBXFrameworksBuildPhase;
			buildActionMask = 2147483647;
			files = (
			);
			runOnlyForDeploymentPostprocessing = 0;
		};
		1B9CDFF82C3B978800B31385 /* Frameworks */ = {
			isa = PBXFrameworksBuildPhase;
			buildActionMask = 2147483647;
			files = (
			);
			runOnlyForDeploymentPostprocessing = 0;
		};
		1B9CE0022C3B978800B31385 /* Frameworks */ = {
			isa = PBXFrameworksBuildPhase;
			buildActionMask = 2147483647;
			files = (
			);
			runOnlyForDeploymentPostprocessing = 0;
		};
/* End PBXFrameworksBuildPhase section */

/* Begin PBXGroup section */
		1B9CDFE22C3B978700B31385 = {
			isa = PBXGroup;
			children = (
				1B9CDFED2C3B978700B31385 /* app_dedsec_cl */,
				1B9CDFFE2C3B978800B31385 /* app_dedsec_clTests */,
				1B9CE0082C3B978800B31385 /* app_dedsec_clUITests */,
				1B9CDFEC2C3B978700B31385 /* Products */,
			);
			sourceTree = "<group>";
		};
		1B9CDFEC2C3B978700B31385 /* Products */ = {
			isa = PBXGroup;
			children = (
				1B9CDFEB2C3B978700B31385 /* app.dedsec.cl.app */,
				1B9CDFFB2C3B978800B31385 /* app.dedsec.clTests.xctest */,
				1B9CE0052C3B978800B31385 /* app.dedsec.clUITests.xctest */,
			);
			name = Products;
			sourceTree = "<group>";
		};
		1B9CDFED2C3B978700B31385 /* app_dedsec_cl */ = {
			isa = PBXGroup;
			children = (
				1B9CDFEE2C3B978700B31385 /* app_dedsec_clApp.swift */,
				1B9CDFF02C3B978700B31385 /* ContentView.swift */,
				1B9CE0182C3BAD7A00B31385 /* DedsecIngress.swift */,
				1B9CDFF22C3B978800B31385 /* Assets.xcassets */,
				1B9CDFF42C3B978800B31385 /* Preview Content */,
			);
			path = app_dedsec_cl;
			sourceTree = "<group>";
		};
		1B9CDFF42C3B978800B31385 /* Preview Content */ = {
			isa = PBXGroup;
			children = (
				1B9CDFF52C3B978800B31385 /* Preview Assets.xcassets */,
			);
			path = "Preview Content";
			sourceTree = "<group>";
		};
		1B9CDFFE2C3B978800B31385 /* app_dedsec_clTests */ = {
			isa = PBXGroup;
			children = (
				1B9CDFFF2C3B978800B31385 /* app_dedsec_clTests.swift */,
			);
			path = app_dedsec_clTests;
			sourceTree = "<group>";
		};
		1B9CE0082C3B978800B31385 /* app_dedsec_clUITests */ = {
			isa = PBXGroup;
			children = (
				1B9CE0092C3B978800B31385 /* app_dedsec_clUITests.swift */,
				1B9CE00B2C3B978800B31385 /* app_dedsec_clUITestsLaunchTests.swift */,
			);
			path = app_dedsec_clUITests;
			sourceTree = "<group>";
		};
/* End PBXGroup section */

/* Begin PBXNativeTarget section */
		1B9CDFEA2C3B978700B31385 /* app.dedsec.cl */ = {
			isa = PBXNativeTarget;
			buildConfigurationList = 1B9CE00F2C3B978800B31385 /* Build configuration list for PBXNativeTarget "app.dedsec.cl" */;
			buildPhases = (
				1B9CDFE72C3B978700B31385 /* Sources */,
				1B9CDFE82C3B978700B31385 /* Frameworks */,
				1B9CDFE92C3B978700B31385 /* Resources */,
			);
			buildRules = (
			);
			dependencies = (
			);
			name = app.dedsec.cl;
			productName = app_dedsec_cl;
			productReference = 1B9CDFEB2C3B978700B31385 /* app.dedsec.cl.app */;
			productType = "com.apple.product-type.application";
		};
		1B9CDFFA2C3B978800B31385 /* app.dedsec.clTests */ = {
			isa = PBXNativeTarget;
			buildConfigurationList = 1B9CE0122C3B978800B31385 /* Build configuration list for PBXNativeTarget "app.dedsec.clTests" */;
			buildPhases = (
				1B9CDFF72C3B978800B31385 /* Sources */,
				1B9CDFF82C3B978800B31385 /* Frameworks */,
				1B9CDFF92C3B978800B31385 /* Resources */,
			);
			buildRules = (
			);
			dependencies = (
				1B9CDFFD2C3B978800B31385 /* PBXTargetDependency */,
			);
			name = app.dedsec.clTests;
			productName = app_dedsec_clTests;
			productReference = 1B9CDFFB2C3B978800B31385 /* app.dedsec.clTests.xctest */;
			productType = "com.apple.product-type.bundle.unit-test";
		};
		1B9CE0042C3B978800B31385 /* app.dedsec.clUITests */ = {
			isa = PBXNativeTarget;
			buildConfigurationList = 1B9CE0152C3B978800B31385 /* Build configuration list for PBXNativeTarget "app.dedsec.clUITests" */;
			buildPhases = (
				1B9CE0012C3B978800B31385 /* Sources */,
				1B9CE0022C3B978800B31385 /* Frameworks */,
				1B9CE0032C3B978800B31385 /* Resources */,
			);
			buildRules = (
			);
			dependencies = (
				1B9CE0072C3B978800B31385 /* PBXTargetDependency */,
			);
			name = app.dedsec.clUITests;
			productName = app_dedsec_clUITests;
			productReference = 1B9CE0052C3B978800B31385 /* app.dedsec.clUITests.xctest */;
			productType = "com.apple.product-type.bundle.ui-testing";
		};
/* End PBXNativeTarget section */

/* Begin PBXProject section */
		1B9CDFE32C3B978700B31385 /* Project object */ = {
			isa = PBXProject;
			attributes = {
				BuildIndependentTargetsInParallel = 1;
				LastSwiftUpdateCheck = 1540;
				LastUpgradeCheck = 1540;
				TargetAttributes = {
					1B9CDFEA2C3B978700B31385 = {
						CreatedOnToolsVersion = 15.4;
					};
					1B9CDFFA2C3B978800B31385 = {
						CreatedOnToolsVersion = 15.4;
						TestTargetID = 1B9CDFEA2C3B978700B31385;
					};
					1B9CE0042C3B978800B31385 = {
						CreatedOnToolsVersion = 15.4;
						TestTargetID = 1B9CDFEA2C3B978700B31385;
					};
				};
			};
			buildConfigurationList = 1B9CDFE62C3B978700B31385 /* Build configuration list for PBXProject "app.dedsec.cl" */;
			compatibilityVersion = "Xcode 14.0";
			developmentRegion = en;
			hasScannedForEncodings = 0;
			knownRegions = (
				en,
				Base,
			);
			mainGroup = 1B9CDFE22C3B978700B31385;
			productRefGroup = 1B9CDFEC2C3B978700B31385 /* Products */;
			projectDirPath = "";
			projectRoot = "";
			targets = (
				1B9CDFEA2C3B978700B31385 /* app.dedsec.cl */,
				1B9CDFFA2C3B978800B31385 /* app.dedsec.clTests */,
				1B9CE0042C3B978800B31385 /* app.dedsec.clUITests */,
			);
		};
/* End PBXProject section */

/* Begin PBXResourcesBuildPhase section */
		1B9CDFE92C3B978700B31385 /* Resources */ = {
			isa = PBXResourcesBuildPhase;
			buildActionMask = 2147483647;
			files = (
				1B9CDFF62C3B978800B31385 /* Preview Assets.xcassets in Resources */,
				1B9CDFF32C3B978800B31385 /* Assets.xcassets in Resources */,
			);
			runOnlyForDeploymentPostprocessing = 0;
		};
		1B9CDFF92C3B978800B31385 /* Resources */ = {
			isa = PBXResourcesBuildPhase;
			buildActionMask = 2147483647;
			files = (
			);
			runOnlyForDeploymentPostprocessing = 0;
		};
		1B9CE0032C3B978800B31385 /* Resources */ = {
			isa = PBXResourcesBuildPhase;
			buildActionMask = 2147483647;
			files = (
			);
			runOnlyForDeploymentPostprocessing = 0;
		};
/* End PBXResourcesBuildPhase section */

/* Begin PBXSourcesBuildPhase section */
		1B9CDFE72C3B978700B31385 /* Sources */ = {
			isa = PBXSourcesBuildPhase;
			buildActionMask = 2147483647;
			files = (
				1B9CDFF12C3B978700B31385 /* ContentView.swift in Sources */,
				1B9CDFEF2C3B978700B31385 /* app_dedsec_clApp.swift in Sources */,
				1B9CE0192C3BAD7A00B31385 /* DedsecIngress.swift in Sources */,
			);
			runOnlyForDeploymentPostprocessing = 0;
		};
		1B9CDFF72C3B978800B31385 /* Sources */ = {
			isa = PBXSourcesBuildPhase;
			buildActionMask = 2147483647;
			files = (
				1B9CE0002C3B978800B31385 /* app_dedsec_clTests.swift in Sources */,
			);
			runOnlyForDeploymentPostprocessing = 0;
		};
		1B9CE0012C3B978800B31385 /* Sources */ = {
			isa = PBXSourcesBuildPhase;
			buildActionMask = 2147483647;
			files = (
				1B9CE00A2C3B978800B31385 /* app_dedsec_clUITests.swift in Sources */,
				1B9CE00C2C3B978800B31385 /* app_dedsec_clUITestsLaunchTests.swift in Sources */,
			);
			runOnlyForDeploymentPostprocessing = 0;
		};
/* End PBXSourcesBuildPhase section */

/* Begin PBXTargetDependency section */
		1B9CDFFD2C3B978800B31385 /* PBXTargetDependency */ = {
			isa = PBXTargetDependency;
			target = 1B9CDFEA2C3B978700B31385 /* app.dedsec.cl */;
			targetProxy = 1B9CDFFC2C3B978800B31385 /* PBXContainerItemProxy */;
		};
		1B9CE0072C3B978800B31385 /* PBXTargetDependency */ = {
			isa = PBXTargetDependency;
			target = 1B9CDFEA2C3B978700B31385 /* app.dedsec.cl */;
			targetProxy = 1B9CE0062C3B978800B31385 /* PBXContainerItemProxy */;
		};
/* End PBXTargetDependency section */

/* Begin XCBuildConfiguration section */
		1B9CE00D2C3B978800B31385 /* Debug */ = {
			isa = XCBuildConfiguration;
			buildSettings = {
				ALWAYS_SEARCH_USER_PATHS = NO;
				ASSETCATALOG_COMPILER_GENERATE_SWIFT_ASSET_SYMBOL_EXTENSIONS = YES;
				CLANG_ANALYZER_NONNULL = YES;
				CLANG_ANALYZER_NUMBER_OBJECT_CONVERSION = YES_AGGRESSIVE;
				CLANG_CXX_LANGUAGE_STANDARD = "gnu++20";
				CLANG_ENABLE_MODULES = YES;
				CLANG_ENABLE_OBJC_ARC = YES;
				CLANG_ENABLE_OBJC_WEAK = YES;
				CLANG_WARN_BLOCK_CAPTURE_AUTORELEASING = YES;
				CLANG_WARN_BOOL_CONVERSION = YES;
				CLANG_WARN_COMMA = YES;
				CLANG_WARN_CONSTANT_CONVERSION = YES;
				CLANG_WARN_DEPRECATED_OBJC_IMPLEMENTATIONS = YES;
				CLANG_WARN_DIRECT_OBJC_ISA_USAGE = YES_ERROR;
				CLANG_WARN_DOCUMENTATION_COMMENTS = YES;
				CLANG_WARN_EMPTY_BODY = YES;
				CLANG_WARN_ENUM_CONVERSION = YES;
				CLANG_WARN_INFINITE_RECURSION = YES;
				CLANG_WARN_INT_CONVERSION = YES;
				CLANG_WARN_NON_LITERAL_NULL_CONVERSION = YES;
				CLANG_WARN_OBJC_IMPLICIT_RETAIN_SELF = YES;
				CLANG_WARN_OBJC_LITERAL_CONVERSION = YES;
				CLANG_WARN_OBJC_ROOT_CLASS = YES_ERROR;
				CLANG_WARN_QUOTED_INCLUDE_IN_FRAMEWORK_HEADER = YES;
				CLANG_WARN_RANGE_LOOP_ANALYSIS = YES;
				CLANG_WARN_STRICT_PROTOTYPES = YES;
				CLANG_WARN_SUSPICIOUS_MOVE = YES;
				CLANG_WARN_UNGUARDED_AVAILABILITY = YES_AGGRESSIVE;
				CLANG_WARN_UNREACHABLE_CODE = YES;
				CLANG_WARN__DUPLICATE_METHOD_MATCH = YES;
				COPY_PHASE_STRIP = NO;
				DEBUG_INFORMATION_FORMAT = dwarf;
				ENABLE_STRICT_OBJC_MSGSEND = YES;
				ENABLE_TESTABILITY = YES;
				ENABLE_USER_SCRIPT_SANDBOXING = YES;
				GCC_C_LANGUAGE_STANDARD = gnu17;
				GCC_DYNAMIC_NO_PIC = NO;
				GCC_NO_COMMON_BLOCKS = YES;
				GCC_OPTIMIZATION_LEVEL = 0;
				GCC_PREPROCESSOR_DEFINITIONS = (
					"DEBUG=1",
					"$(inherited)",
				);
				GCC_WARN_64_TO_32_BIT_CONVERSION = YES;
				GCC_WARN_ABOUT_RETURN_TYPE = YES_ERROR;
				GCC_WARN_UNDECLARED_SELECTOR = YES;
				GCC_WARN_UNINITIALIZED_AUTOS = YES_AGGRESSIVE;
				GCC_WARN_UNUSED_FUNCTION = YES;
				GCC_WARN_UNUSED_VARIABLE = YES;
				IPHONEOS_DEPLOYMENT_TARGET = 17.5;
				LOCALIZATION_PREFERS_STRING_CATALOGS = YES;
				MTL_ENABLE_DEBUG_INFO = INCLUDE_SOURCE;
				MTL_FAST_MATH = YES;
				ONLY_ACTIVE_ARCH = YES;
				SDKROOT = iphoneos;
				SWIFT_ACTIVE_COMPILATION_CONDITIONS = "DEBUG $(inherited)";
				SWIFT_OPTIMIZATION_LEVEL = "-Onone";
			};
			name = Debug;
		};
		1B9CE00E2C3B978800B31385 /* Release */ = {
			isa = XCBuildConfiguration;
			buildSettings = {
				ALWAYS_SEARCH_USER_PATHS = NO;
				ASSETCATALOG_COMPILER_GENERATE_SWIFT_ASSET_SYMBOL_EXTENSIONS = YES;
				CLANG_ANALYZER_NONNULL = YES;
				CLANG_ANALYZER_NUMBER_OBJECT_CONVERSION = YES_AGGRESSIVE;
				CLANG_CXX_LANGUAGE_STANDARD = "gnu++20";
				CLANG_ENABLE_MODULES = YES;
				CLANG_ENABLE_OBJC_ARC = YES;
				CLANG_ENABLE_OBJC_WEAK = YES;
				CLANG_WARN_BLOCK_CAPTURE_AUTORELEASING = YES;
				CLANG_WARN_BOOL_CONVERSION = YES;
				CLANG_WARN_COMMA = YES;
				CLANG_WARN_CONSTANT_CONVERSION = YES;
				CLANG_WARN_DEPRECATED_OBJC_IMPLEMENTATIONS = YES;
				CLANG_WARN_DIRECT_OBJC_ISA_USAGE = YES_ERROR;
				CLANG_WARN_DOCUMENTATION_COMMENTS = YES;
				CLANG_WARN_EMPTY_BODY = YES;
				CLANG_WARN_ENUM_CONVERSION = YES;
				CLANG_WARN_INFINITE_RECURSION = YES;
				CLANG_WARN_INT_CONVERSION = YES;
				CLANG_WARN_NON_LITERAL_NULL_CONVERSION = YES;
				CLANG_WARN_OBJC_IMPLICIT_RETAIN_SELF = YES;
				CLANG_WARN_OBJC_LITERAL_CONVERSION = YES;
				CLANG_WARN_OBJC_ROOT_CLASS = YES_ERROR;
				CLANG_WARN_QUOTED_INCLUDE_IN_FRAMEWORK_HEADER = YES;
				CLANG_WARN_RANGE_LOOP_ANALYSIS = YES;
				CLANG_WARN_STRICT_PROTOTYPES = YES;
				CLANG_WARN_SUSPICIOUS_MOVE = YES;
				CLANG_WARN_UNGUARDED_AVAILABILITY = YES_AGGRESSIVE;
				CLANG_WARN_UNREACHABLE_CODE = YES;
				CLANG_WARN__DUPLICATE_METHOD_MATCH = YES;
				COPY_PHASE_STRIP = NO;
				DEBUG_INFORMATION_FORMAT = "dwarf-with-dsym";
				ENABLE_NS_ASSERTIONS = NO;
				ENABLE_STRICT_OBJC_MSGSEND = YES;
				ENABLE_USER_SCRIPT_SANDBOXING = YES;
				GCC_C_LANGUAGE_STANDARD = gnu17;
				GCC_NO_COMMON_BLOCKS = YES;
				GCC_WARN_64_TO_32_BIT_CONVERSION = YES;
				GCC_WARN_ABOUT_RETURN_TYPE = YES_ERROR;
				GCC_WARN_UNDECLARED_SELECTOR = YES;
				GCC_WARN_UNINITIALIZED_AUTOS = YES_AGGRESSIVE;
				GCC_WARN_UNUSED_FUNCTION = YES;
				GCC_WARN_UNUSED_VARIABLE = YES;
				IPHONEOS_DEPLOYMENT_TARGET = 17.5;
				LOCALIZATION_PREFERS_STRING_CATALOGS = YES;
				MTL_ENABLE_DEBUG_INFO = NO;
				MTL_FAST_MATH = YES;
				SDKROOT = iphoneos;
				SWIFT_COMPILATION_MODE = wholemodule;
				VALIDATE_PRODUCT = YES;
			};
			name = Release;
		};
		1B9CE0102C3B978800B31385 /* Debug */ = {
			isa = XCBuildConfiguration;
			buildSettings = {
				ASSETCATALOG_COMPILER_APPICON_NAME = AppIcon;
				ASSETCATALOG_COMPILER_GLOBAL_ACCENT_COLOR_NAME = AccentColor;
				CODE_SIGN_IDENTITY = "Apple Development";
				CODE_SIGN_STYLE = Automatic;
				CURRENT_PROJECT_VERSION = 1;
				DEVELOPMENT_ASSET_PATHS = "\"app_dedsec_cl/Preview Content\"";
				DEVELOPMENT_TEAM = V43K8NGK42;
				ENABLE_PREVIEWS = YES;
				GENERATE_INFOPLIST_FILE = YES;
				INFOPLIST_KEY_UIApplicationSceneManifest_Generation = YES;
				INFOPLIST_KEY_UIApplicationSupportsIndirectInputEvents = YES;
				INFOPLIST_KEY_UILaunchScreen_Generation = YES;
				INFOPLIST_KEY_UISupportedInterfaceOrientations_iPad = "UIInterfaceOrientationPortrait UIInterfaceOrientationPortraitUpsideDown UIInterfaceOrientationLandscapeLeft UIInterfaceOrientationLandscapeRight";
				INFOPLIST_KEY_UISupportedInterfaceOrientations_iPhone = "UIInterfaceOrientationPortrait UIInterfaceOrientationLandscapeLeft UIInterfaceOrientationLandscapeRight";
				IPHONEOS_DEPLOYMENT_TARGET = 17.0;
				LD_RUNPATH_SEARCH_PATHS = (
					"$(inherited)",
					"@executable_path/Frameworks",
				);
				MARKETING_VERSION = 1.0;
				PRODUCT_BUNDLE_IDENTIFIER = "dedsec-corp.app.dedsec.cl";
				PRODUCT_NAME = "$(TARGET_NAME)";
				PROVISIONING_PROFILE_SPECIFIER = "";
				SWIFT_EMIT_LOC_STRINGS = YES;
				SWIFT_VERSION = 5.0;
				TARGETED_DEVICE_FAMILY = "1,2";
			};
			name = Debug;
		};
		1B9CE0112C3B978800B31385 /* Release */ = {
			isa = XCBuildConfiguration;
			buildSettings = {
				ASSETCATALOG_COMPILER_APPICON_NAME = AppIcon;
				ASSETCATALOG_COMPILER_GLOBAL_ACCENT_COLOR_NAME = AccentColor;
				CODE_SIGN_IDENTITY = "Apple Development";
				CODE_SIGN_STYLE = Automatic;
				CURRENT_PROJECT_VERSION = 1;
				DEVELOPMENT_ASSET_PATHS = "\"app_dedsec_cl/Preview Content\"";
				DEVELOPMENT_TEAM = V43K8NGK42;
				ENABLE_PREVIEWS = YES;
				GENERATE_INFOPLIST_FILE = YES;
				INFOPLIST_KEY_UIApplicationSceneManifest_Generation = YES;
				INFOPLIST_KEY_UIApplicationSupportsIndirectInputEvents = YES;
				INFOPLIST_KEY_UILaunchScreen_Generation = YES;
				INFOPLIST_KEY_UISupportedInterfaceOrientations_iPad = "UIInterfaceOrientationPortrait UIInterfaceOrientationPortraitUpsideDown UIInterfaceOrientationLandscapeLeft UIInterfaceOrientationLandscapeRight";
				INFOPLIST_KEY_UISupportedInterfaceOrientations_iPhone = "UIInterfaceOrientationPortrait UIInterfaceOrientationLandscapeLeft UIInterfaceOrientationLandscapeRight";
				IPHONEOS_DEPLOYMENT_TARGET = 17.0;
				LD_RUNPATH_SEARCH_PATHS = (
					"$(inherited)",
					"@executable_path/Frameworks",
				);
				MARKETING_VERSION = 1.0;
				PRODUCT_BUNDLE_IDENTIFIER = "dedsec-corp.app.dedsec.cl";
				PRODUCT_NAME = "$(TARGET_NAME)";
				PROVISIONING_PROFILE_SPECIFIER = "";
				SWIFT_EMIT_LOC_STRINGS = YES;
				SWIFT_VERSION = 5.0;
				TARGETED_DEVICE_FAMILY = "1,2";
			};
			name = Release;
		};
		1B9CE0132C3B978800B31385 /* Debug */ = {
			isa = XCBuildConfiguration;
			buildSettings = {
				ALWAYS_EMBED_SWIFT_STANDARD_LIBRARIES = YES;
				BUNDLE_LOADER = "$(TEST_HOST)";
				CODE_SIGN_STYLE = Automatic;
				CURRENT_PROJECT_VERSION = 1;
				GENERATE_INFOPLIST_FILE = YES;
				IPHONEOS_DEPLOYMENT_TARGET = 17.5;
				MARKETING_VERSION = 1.0;
				PRODUCT_BUNDLE_IDENTIFIER = "dedsec-corp.app-dedsec-clTests";
				PRODUCT_NAME = "$(TARGET_NAME)";
				SWIFT_EMIT_LOC_STRINGS = NO;
				SWIFT_VERSION = 5.0;
				TARGETED_DEVICE_FAMILY = "1,2";
				TEST_HOST = "$(BUILT_PRODUCTS_DIR)/app.dedsec.cl.app/$(BUNDLE_EXECUTABLE_FOLDER_PATH)/app.dedsec.cl";
			};
			name = Debug;
		};
		1B9CE0142C3B978800B31385 /* Release */ = {
			isa = XCBuildConfiguration;
			buildSettings = {
				ALWAYS_EMBED_SWIFT_STANDARD_LIBRARIES = YES;
				BUNDLE_LOADER = "$(TEST_HOST)";
				CODE_SIGN_STYLE = Automatic;
				CURRENT_PROJECT_VERSION = 1;
				GENERATE_INFOPLIST_FILE = YES;
				IPHONEOS_DEPLOYMENT_TARGET = 17.5;
				MARKETING_VERSION = 1.0;
				PRODUCT_BUNDLE_IDENTIFIER = "dedsec-corp.app-dedsec-clTests";
				PRODUCT_NAME = "$(TARGET_NAME)";
				SWIFT_EMIT_LOC_STRINGS = NO;
				SWIFT_VERSION = 5.0;
				TARGETED_DEVICE_FAMILY = "1,2";
				TEST_HOST = "$(BUILT_PRODUCTS_DIR)/app.dedsec.cl.app/$(BUNDLE_EXECUTABLE_FOLDER_PATH)/app.dedsec.cl";
			};
			name = Release;
		};
		1B9CE0162C3B978800B31385 /* Debug */ = {
			isa = XCBuildConfiguration;
			buildSettings = {
				ALWAYS_EMBED_SWIFT_STANDARD_LIBRARIES = YES;
				CODE_SIGN_STYLE = Automatic;
				CURRENT_PROJECT_VERSION = 1;
				GENERATE_INFOPLIST_FILE = YES;
				MARKETING_VERSION = 1.0;
				PRODUCT_BUNDLE_IDENTIFIER = "dedsec-corp.app-dedsec-clUITests";
				PRODUCT_NAME = "$(TARGET_NAME)";
				SWIFT_EMIT_LOC_STRINGS = NO;
				SWIFT_VERSION = 5.0;
				TARGETED_DEVICE_FAMILY = "1,2";
				TEST_TARGET_NAME = app_dedsec_cl;
			};
			name = Debug;
		};
		1B9CE0172C3B978800B31385 /* Release */ = {
			isa = XCBuildConfiguration;
			buildSettings = {
				ALWAYS_EMBED_SWIFT_STANDARD_LIBRARIES = YES;
				CODE_SIGN_STYLE = Automatic;
				CURRENT_PROJECT_VERSION = 1;
				GENERATE_INFOPLIST_FILE = YES;
				MARKETING_VERSION = 1.0;
				PRODUCT_BUNDLE_IDENTIFIER = "dedsec-corp.app-dedsec-clUITests";
				PRODUCT_NAME = "$(TARGET_NAME)";
				SWIFT_EMIT_LOC_STRINGS = NO;
				SWIFT_VERSION = 5.0;
				TARGETED_DEVICE_FAMILY = "1,2";
				TEST_TARGET_NAME = app_dedsec_cl;
			};
			name = Release;
		};
/* End XCBuildConfiguration section */

/* Begin XCConfigurationList section */
		1B9CDFE62C3B978700B31385 /* Build configuration list for PBXProject "app.dedsec.cl" */ = {
			isa = XCConfigurationList;
			buildConfigurations = (
				1B9CE00D2C3B978800B31385 /* Debug */,
				1B9CE00E2C3B978800B31385 /* Release */,
			);
			defaultConfigurationIsVisible = 0;
			defaultConfigurationName = Debug;
		};
		1B9CE00F2C3B978800B31385 /* Build configuration list for PBXNativeTarget "app.dedsec.cl" */ = {
			isa = XCConfigurationList;
			buildConfigurations = (
				1B9CE0102C3B978800B31385 /* Debug */,
				1B9CE0112C3B978800B31385 /* Release */,
			);
			defaultConfigurationIsVisible = 0;
			defaultConfigurationName = Debug;
		};
		1B9CE0122C3B978800B31385 /* Build configuration list for PBXNativeTarget "app.dedsec.clTests" */ = {
			isa = XCConfigurationList;
			buildConfigurations = (
				1B9CE0132C3B978800B31385 /* Debug */,
				1B9CE0142C3B978800B31385 /* Release */,
			);
			defaultConfigurationIsVisible = 0;
			defaultConfigurationName = Debug;
		};
		1B9CE0152C3B978800B31385 /* Build configuration list for PBXNativeTarget "app.dedsec.clUITests" */ = {
			isa = XCConfigurationList;
			buildConfigurations = (
				1B9CE0162C3B978800B31385 /* Debug */,
				1B9CE0172C3B978800B31385 /* Release */,
			);
			defaultConfigurationIsVisible = 0;
			defaultConfigurationName = Debug;
		};
/* End XCConfigurationList section */
	};
	rootObject = 1B9CDFE32C3B978700B31385 /* Project object */;
}
